
Microsoft Visual Studio Solution File, Format Version 12.00
# Visual Studio Version 17
VisualStudioVersion = 17.7.34031.279
MinimumVisualStudioVersion = 10.0.40219.1
Project("{FAE04EC0-301F-11D3-BF4B-00C04F79EFBC}") = "№1.2 V 10", "№1.2 V 10\№1.2 V 10.csproj", "{4A1F52D4-9399-4A00-B8BA-9BE1A47B9906}"
EndProject
Project("{FAE04EC0-301F-11D3-BF4B-00C04F79EFBC}") = "№1.3 V 10", "№1.3 V 10\№1.3 V 10.csproj", "{51317E1E-C8F6-4B56-B1C0-ACB0918A3F20}"
EndProject
Project("{FAE04EC0-301F-11D3-BF4B-00C04F79EFBC}") = "№1.4 V 10A", "№1.4 V 10\№1.4 V 10A.csproj", "{DB276F7D-E0C4-4229-ABD7-55732681CC15}"
EndProject
Project("{FAE04EC0-301F-11D3-BF4B-00C04F79EFBC}") = "№1.4 V10B", "№1.4 V10B\№1.4 V10B.csproj", "{ACCE845A-9CA7-449B-BA4C-8431BFA6445A}"
EndProject
Project("{FAE04EC0-301F-11D3-BF4B-00C04F79EFBC}") = "№1.5 V10", "№1.5 V10\№1.5 V10.csproj", "{40F4AC39-17E1-4969-AFBC-02F11347B9DC}"
EndProject
Project("{FAE04EC0-301F-11D3-BF4B-00C04F79EFBC}") = "№ 2.2 V10", "№ 2.2 V10\№ 2.2 V10.csproj", "{63DFA0CC-2F0B-4F2A-BE55-D7014D05D358}"
EndProject
Project("{FAE04EC0-301F-11D3-BF4B-00C04F79EFBC}") = "№5.3 V10 1", "№5.3 V10\№5.3 V10 1.csproj", "{F953CF43-9A7B-4CB7-8F97-9FA1EC8F4ABC}"
EndProject
Project("{FAE04EC0-301F-11D3-BF4B-00C04F79EFBC}") = "№5.3 V10 2", "№5.3 V10 2\№5.3 V10 2.csproj", "{90481DCE-B39B-4E37-B1D9-B576D7D524A1}"
EndProject
Project("{FAE04EC0-301F-11D3-BF4B-00C04F79EFBC}") = "№ 5.4 V10", "№ 5.4 V10\№ 5.4 V10.csproj", "{7F588F62-2906-4255-9D96-C57AB0705020}"
EndProject
Project("{FAE04EC0-301F-11D3-BF4B-00C04F79EFBC}") = "№ 6.2 V10 A", "№ 6.2 V10 A\№ 6.2 V10 A.csproj", "{B8613DA1-50FC-41ED-BCAD-B8740AD21E45}"
EndProject
Project("{FAE04EC0-301F-11D3-BF4B-00C04F79EFBC}") = "№ 6.2 V10 b", "№ 6.2 V10 b\№ 6.2 V10 b.csproj", "{7266A1C1-DFE0-4D01-BB18-EB5B928B8D41}"
EndProject
Global
	GlobalSection(SolutionConfigurationPlatforms) = preSolution
		Debug|Any CPU = Debug|Any CPU
		Release|Any CPU = Release|Any CPU
	EndGlobalSection
	GlobalSection(ProjectConfigurationPlatforms) = postSolution
		{4A1F52D4-9399-4A00-B8BA-9BE1A47B9906}.Debug|Any CPU.ActiveCfg = Debug|Any CPU
		{4A1F52D4-9399-4A00-B8BA-9BE1A47B9906}.Debug|Any CPU.Build.0 = Debug|Any CPU
		{4A1F52D4-9399-4A00-B8BA-9BE1A47B9906}.Release|Any CPU.ActiveCfg = Release|Any CPU
		{4A1F52D4-9399-4A00-B8BA-9BE1A47B9906}.Release|Any CPU.Build.0 = Release|Any CPU
		{51317E1E-C8F6-4B56-B1C0-ACB0918A3F20}.Debug|Any CPU.ActiveCfg = Debug|Any CPU
		{51317E1E-C8F6-4B56-B1C0-ACB0918A3F20}.Debug|Any CPU.Build.0 = Debug|Any CPU
		{51317E1E-C8F6-4B56-B1C0-ACB0918A3F20}.Release|Any CPU.ActiveCfg = Release|Any CPU
		{51317E1E-C8F6-4B56-B1C0-ACB0918A3F20}.Release|Any CPU.Build.0 = Release|Any CPU
		{DB276F7D-E0C4-4229-ABD7-55732681CC15}.Debug|Any CPU.ActiveCfg = Debug|Any CPU
		{DB276F7D-E0C4-4229-ABD7-55732681CC15}.Debug|Any CPU.Build.0 = Debug|Any CPU
		{DB276F7D-E0C4-4229-ABD7-55732681CC15}.Release|Any CPU.ActiveCfg = Release|Any CPU
		{DB276F7D-E0C4-4229-ABD7-55732681CC15}.Release|Any CPU.Build.0 = Release|Any CPU
		{ACCE845A-9CA7-449B-BA4C-8431BFA6445A}.Debug|Any CPU.ActiveCfg = Debug|Any CPU
		{ACCE845A-9CA7-449B-BA4C-8431BFA6445A}.Debug|Any CPU.Build.0 = Debug|Any CPU
		{ACCE845A-9CA7-449B-BA4C-8431BFA6445A}.Release|Any CPU.ActiveCfg = Release|Any CPU
		{ACCE845A-9CA7-449B-BA4C-8431BFA6445A}.Release|Any CPU.Build.0 = Release|Any CPU
		{40F4AC39-17E1-4969-AFBC-02F11347B9DC}.Debug|Any CPU.ActiveCfg = Debug|Any CPU
		{40F4AC39-17E1-4969-AFBC-02F11347B9DC}.Debug|Any CPU.Build.0 = Debug|Any CPU
		{40F4AC39-17E1-4969-AFBC-02F11347B9DC}.Release|Any CPU.ActiveCfg = Release|Any CPU
		{40F4AC39-17E1-4969-AFBC-02F11347B9DC}.Release|Any CPU.Build.0 = Release|Any CPU
		{63DFA0CC-2F0B-4F2A-BE55-D7014D05D358}.Debug|Any CPU.ActiveCfg = Debug|Any CPU
		{63DFA0CC-2F0B-4F2A-BE55-D7014D05D358}.Debug|Any CPU.Build.0 = Debug|Any CPU
		{63DFA0CC-2F0B-4F2A-BE55-D7014D05D358}.Release|Any CPU.ActiveCfg = Release|Any CPU
		{63DFA0CC-2F0B-4F2A-BE55-D7014D05D358}.Release|Any CPU.Build.0 = Release|Any CPU
		{F953CF43-9A7B-4CB7-8F97-9FA1EC8F4ABC}.Debug|Any CPU.ActiveCfg = Debug|Any CPU
		{F953CF43-9A7B-4CB7-8F97-9FA1EC8F4ABC}.Debug|Any CPU.Build.0 = Debug|Any CPU
		{F953CF43-9A7B-4CB7-8F97-9FA1EC8F4ABC}.Release|Any CPU.ActiveCfg = Release|Any CPU
		{F953CF43-9A7B-4CB7-8F97-9FA1EC8F4ABC}.Release|Any CPU.Build.0 = Release|Any CPU
		{90481DCE-B39B-4E37-B1D9-B576D7D524A1}.Debug|Any CPU.ActiveCfg = Debug|Any CPU
		{90481DCE-B39B-4E37-B1D9-B576D7D524A1}.Debug|Any CPU.Build.0 = Debug|Any CPU
		{90481DCE-B39B-4E37-B1D9-B576D7D524A1}.Release|Any CPU.ActiveCfg = Release|Any CPU
		{90481DCE-B39B-4E37-B1D9-B576D7D524A1}.Release|Any CPU.Build.0 = Release|Any CPU
		{7F588F62-2906-4255-9D96-C57AB0705020}.Debug|Any CPU.ActiveCfg = Debug|Any CPU
		{7F588F62-2906-4255-9D96-C57AB0705020}.Debug|Any CPU.Build.0 = Debug|Any CPU
		{7F588F62-2906-4255-9D96-C57AB0705020}.Release|Any CPU.ActiveCfg = Release|Any CPU
		{7F588F62-2906-4255-9D96-C57AB0705020}.Release|Any CPU.Build.0 = Release|Any CPU
		{B8613DA1-50FC-41ED-BCAD-B8740AD21E45}.Debug|Any CPU.ActiveCfg = Debug|Any CPU
		{B8613DA1-50FC-41ED-BCAD-B8740AD21E45}.Debug|Any CPU.Build.0 = Debug|Any CPU
		{B8613DA1-50FC-41ED-BCAD-B8740AD21E45}.Release|Any CPU.ActiveCfg = Release|Any CPU
		{B8613DA1-50FC-41ED-BCAD-B8740AD21E45}.Release|Any CPU.Build.0 = Release|Any CPU
		{7266A1C1-DFE0-4D01-BB18-EB5B928B8D41}.Debug|Any CPU.ActiveCfg = Debug|Any CPU
		{7266A1C1-DFE0-4D01-BB18-EB5B928B8D41}.Debug|Any CPU.Build.0 = Debug|Any CPU
		{7266A1C1-DFE0-4D01-BB18-EB5B928B8D41}.Release|Any CPU.ActiveCfg = Release|Any CPU
		{7266A1C1-DFE0-4D01-BB18-EB5B928B8D41}.Release|Any CPU.Build.0 = Release|Any CPU
	EndGlobalSection
	GlobalSection(SolutionProperties) = preSolution
		HideSolutionNode = FALSE
	EndGlobalSection
	GlobalSection(ExtensibilityGlobals) = postSolution
		SolutionGuid = {6DA16AFD-B951-4D5A-B7CA-AA86919B8E72}
	EndGlobalSection
EndGlobal
